
Microsoft Visual Studio Solution File, Format Version 12.00
# Visual Studio 15
VisualStudioVersion = 15.0.26403.0
MinimumVisualStudioVersion = 10.0.40219.1
Project("{8BC9CEB8-8B4A-11D0-8D11-00A0C91BC942}") = "Observer Pattern", "Observer Pattern\Observer Pattern.vcxproj", "{D58B82B1-1370-483B-B036-DC3B84B50DC7}"
EndProject
Project("{8BC9CEB8-8B4A-11D0-8D11-00A0C91BC942}") = "Strategy Pattern", "Strategy Pattern\Strategy Pattern.vcxproj", "{7B4AD02A-13AF-4AC4-AD10-BA56D6354399}"
EndProject
Project("{8BC9CEB8-8B4A-11D0-8D11-00A0C91BC942}") = "Decorator Pattern", "Decorator Pattern\Decorator Pattern.vcxproj", "{A5DA8C0E-07F0-4820-80ED-13AFD8DFB1D0}"
EndProject
Project("{8BC9CEB8-8B4A-11D0-8D11-00A0C91BC942}") = "Abstract Factory Pattern", "Abstract Factory Pattern\Abstract Factory Pattern.vcxproj", "{15B8C351-445D-4322-B1A8-EC7A86402102}"
EndProject
Project("{8BC9CEB8-8B4A-11D0-8D11-00A0C91BC942}") = "Factory Method Pattern", "Factory Method Pattern\Factory Method Pattern.vcxproj", "{346E59A2-D38C-4D89-B050-CAC501B8CF76}"
EndProject
Project("{8BC9CEB8-8B4A-11D0-8D11-00A0C91BC942}") = "Singleton Pattern", "Singleton Pattern\Singleton Pattern.vcxproj", "{15F3D6D6-417E-4F3C-84A2-37B9C869E46D}"
EndProject
Global
	GlobalSection(SolutionConfigurationPlatforms) = preSolution
		Debug|x64 = Debug|x64
		Debug|x86 = Debug|x86
		Release|x64 = Release|x64
		Release|x86 = Release|x86
	EndGlobalSection
	GlobalSection(ProjectConfigurationPlatforms) = postSolution
		{D58B82B1-1370-483B-B036-DC3B84B50DC7}.Debug|x64.ActiveCfg = Debug|x64
		{D58B82B1-1370-483B-B036-DC3B84B50DC7}.Debug|x64.Build.0 = Debug|x64
		{D58B82B1-1370-483B-B036-DC3B84B50DC7}.Debug|x86.ActiveCfg = Debug|Win32
		{D58B82B1-1370-483B-B036-DC3B84B50DC7}.Debug|x86.Build.0 = Debug|Win32
		{D58B82B1-1370-483B-B036-DC3B84B50DC7}.Release|x64.ActiveCfg = Release|x64
		{D58B82B1-1370-483B-B036-DC3B84B50DC7}.Release|x64.Build.0 = Release|x64
		{D58B82B1-1370-483B-B036-DC3B84B50DC7}.Release|x86.ActiveCfg = Release|Win32
		{D58B82B1-1370-483B-B036-DC3B84B50DC7}.Release|x86.Build.0 = Release|Win32
		{7B4AD02A-13AF-4AC4-AD10-BA56D6354399}.Debug|x64.ActiveCfg = Debug|x64
		{7B4AD02A-13AF-4AC4-AD10-BA56D6354399}.Debug|x64.Build.0 = Debug|x64
		{7B4AD02A-13AF-4AC4-AD10-BA56D6354399}.Debug|x86.ActiveCfg = Debug|Win32
		{7B4AD02A-13AF-4AC4-AD10-BA56D6354399}.Debug|x86.Build.0 = Debug|Win32
		{7B4AD02A-13AF-4AC4-AD10-BA56D6354399}.Release|x64.ActiveCfg = Release|x64
		{7B4AD02A-13AF-4AC4-AD10-BA56D6354399}.Release|x64.Build.0 = Release|x64
		{7B4AD02A-13AF-4AC4-AD10-BA56D6354399}.Release|x86.ActiveCfg = Release|Win32
		{7B4AD02A-13AF-4AC4-AD10-BA56D6354399}.Release|x86.Build.0 = Release|Win32
		{A5DA8C0E-07F0-4820-80ED-13AFD8DFB1D0}.Debug|x64.ActiveCfg = Debug|x64
		{A5DA8C0E-07F0-4820-80ED-13AFD8DFB1D0}.Debug|x64.Build.0 = Debug|x64
		{A5DA8C0E-07F0-4820-80ED-13AFD8DFB1D0}.Debug|x86.ActiveCfg = Debug|Win32
		{A5DA8C0E-07F0-4820-80ED-13AFD8DFB1D0}.Debug|x86.Build.0 = Debug|Win32
		{A5DA8C0E-07F0-4820-80ED-13AFD8DFB1D0}.Release|x64.ActiveCfg = Release|x64
		{A5DA8C0E-07F0-4820-80ED-13AFD8DFB1D0}.Release|x64.Build.0 = Release|x64
		{A5DA8C0E-07F0-4820-80ED-13AFD8DFB1D0}.Release|x86.ActiveCfg = Release|Win32
		{A5DA8C0E-07F0-4820-80ED-13AFD8DFB1D0}.Release|x86.Build.0 = Release|Win32
		{15B8C351-445D-4322-B1A8-EC7A86402102}.Debug|x64.ActiveCfg = Debug|x64
		{15B8C351-445D-4322-B1A8-EC7A86402102}.Debug|x64.Build.0 = Debug|x64
		{15B8C351-445D-4322-B1A8-EC7A86402102}.Debug|x86.ActiveCfg = Debug|Win32
		{15B8C351-445D-4322-B1A8-EC7A86402102}.Debug|x86.Build.0 = Debug|Win32
		{15B8C351-445D-4322-B1A8-EC7A86402102}.Release|x64.ActiveCfg = Release|x64
		{15B8C351-445D-4322-B1A8-EC7A86402102}.Release|x64.Build.0 = Release|x64
		{15B8C351-445D-4322-B1A8-EC7A86402102}.Release|x86.ActiveCfg = Release|Win32
		{15B8C351-445D-4322-B1A8-EC7A86402102}.Release|x86.Build.0 = Release|Win32
		{346E59A2-D38C-4D89-B050-CAC501B8CF76}.Debug|x64.ActiveCfg = Debug|x64
		{346E59A2-D38C-4D89-B050-CAC501B8CF76}.Debug|x64.Build.0 = Debug|x64
		{346E59A2-D38C-4D89-B050-CAC501B8CF76}.Debug|x86.ActiveCfg = Debug|Win32
		{346E59A2-D38C-4D89-B050-CAC501B8CF76}.Debug|x86.Build.0 = Debug|Win32
		{346E59A2-D38C-4D89-B050-CAC501B8CF76}.Release|x64.ActiveCfg = Release|x64
		{346E59A2-D38C-4D89-B050-CAC501B8CF76}.Release|x64.Build.0 = Release|x64
		{346E59A2-D38C-4D89-B050-CAC501B8CF76}.Release|x86.ActiveCfg = Release|Win32
		{346E59A2-D38C-4D89-B050-CAC501B8CF76}.Release|x86.Build.0 = Release|Win32
		{15F3D6D6-417E-4F3C-84A2-37B9C869E46D}.Debug|x64.ActiveCfg = Debug|x64
		{15F3D6D6-417E-4F3C-84A2-37B9C869E46D}.Debug|x64.Build.0 = Debug|x64
		{15F3D6D6-417E-4F3C-84A2-37B9C869E46D}.Debug|x86.ActiveCfg = Debug|Win32
		{15F3D6D6-417E-4F3C-84A2-37B9C869E46D}.Debug|x86.Build.0 = Debug|Win32
		{15F3D6D6-417E-4F3C-84A2-37B9C869E46D}.Release|x64.ActiveCfg = Release|x64
		{15F3D6D6-417E-4F3C-84A2-37B9C869E46D}.Release|x64.Build.0 = Release|x64
		{15F3D6D6-417E-4F3C-84A2-37B9C869E46D}.Release|x86.ActiveCfg = Release|Win32
		{15F3D6D6-417E-4F3C-84A2-37B9C869E46D}.Release|x86.Build.0 = Release|Win32
	EndGlobalSection
	GlobalSection(SolutionProperties) = preSolution
		HideSolutionNode = FALSE
	EndGlobalSection
EndGlobal
